
Microsoft Visual Studio Solution File, Format Version 12.00
# Visual Studio 2012
Project("{FAE04EC0-301F-11D3-BF4B-00C04F79EFBC}") = "TcpListenerTestA", "TcpListenerTestA\TcpListenerTestA.csproj", "{475D5957-BB5C-4519-A1F3-E76D6B97F59D}"
EndProject
Global
	GlobalSection(SolutionConfigurationPlatforms) = preSolution
		Debug|Any CPU = Debug|Any CPU
		Release|Any CPU = Release|Any CPU
	EndGlobalSection
	GlobalSection(ProjectConfigurationPlatforms) = postSolution
		{475D5957-BB5C-4519-A1F3-E76D6B97F59D}.Debug|Any CPU.ActiveCfg = Debug|Any CPU
		{475D5957-BB5C-4519-A1F3-E76D6B97F59D}.Debug|Any CPU.Build.0 = Debug|Any CPU
		{475D5957-BB5C-4519-A1F3-E76D6B97F59D}.Release|Any CPU.ActiveCfg = Release|Any CPU
		{475D5957-BB5C-4519-A1F3-E76D6B97F59D}.Release|Any CPU.Build.0 = Release|Any CPU
	EndGlobalSection
	GlobalSection(SolutionProperties) = preSolution
		HideSolutionNode = FALSE
	EndGlobalSection
EndGlobal
